Microsoft Visual Studio Solution File, Format Version 11.00
# Visual Studio 2008

Project("{4DC844AB-CCFC-0D13-2D08-7C1C7FCEC557}") = "proj", "Assembly-CSharp-firstpass.csproj", "{328DE943-05AB-11E0-E35A-D22C588BA384}"
EndProject
Project("{4DC844AB-CCFC-0D13-2D08-7C1C7FCEC557}") = "proj", "Assembly-CSharp.csproj", "{5614A6DD-EE22-0940-CDA3-31E891CAAE76}"
EndProject
Project("{4DC844AB-CCFC-0D13-2D08-7C1C7FCEC557}") = "proj", "Assembly-CSharp-Editor.csproj", "{FB1322F2-DA23-5B7A-CB30-1CB599E2674C}"
EndProject
Global
	GlobalSection(SolutionConfigurationPlatforms) = preSolution
		Debug|Any CPU = Debug|Any CPU
		Release|Any CPU = Release|Any CPU
	EndGlobalSection
	GlobalSection(ProjectConfigurationPlatforms) = postSolution
		{328DE943-05AB-11E0-E35A-D22C588BA384}.Debug|Any CPU.ActiveCfg = Debug|Any CPU
		{328DE943-05AB-11E0-E35A-D22C588BA384}.Debug|Any CPU.Build.0 = Debug|Any CPU
		{328DE943-05AB-11E0-E35A-D22C588BA384}.Release|Any CPU.ActiveCfg = Release|Any CPU
		{328DE943-05AB-11E0-E35A-D22C588BA384}.Release|Any CPU.Build.0 = Release|Any CPU
		{5614A6DD-EE22-0940-CDA3-31E891CAAE76}.Debug|Any CPU.ActiveCfg = Debug|Any CPU
		{5614A6DD-EE22-0940-CDA3-31E891CAAE76}.Debug|Any CPU.Build.0 = Debug|Any CPU
		{5614A6DD-EE22-0940-CDA3-31E891CAAE76}.Release|Any CPU.ActiveCfg = Release|Any CPU
		{5614A6DD-EE22-0940-CDA3-31E891CAAE76}.Release|Any CPU.Build.0 = Release|Any CPU
		{FB1322F2-DA23-5B7A-CB30-1CB599E2674C}.Debug|Any CPU.ActiveCfg = Debug|Any CPU
		{FB1322F2-DA23-5B7A-CB30-1CB599E2674C}.Debug|Any CPU.Build.0 = Debug|Any CPU
		{FB1322F2-DA23-5B7A-CB30-1CB599E2674C}.Release|Any CPU.ActiveCfg = Release|Any CPU
		{FB1322F2-DA23-5B7A-CB30-1CB599E2674C}.Release|Any CPU.Build.0 = Release|Any CPU
	EndGlobalSection
	GlobalSection(SolutionProperties) = preSolution
		HideSolutionNode = FALSE
	EndGlobalSection
														GlobalSection(MonoDevelopProperties) = preSolution
		StartupItem = Assembly-CSharp.csproj
		Policies = $0
		$0.TextStylePolicy = $1
		$1.FileWidth = 120
		$1.TabsToSpaces = False
		$1.EolMarker = Windows
		$1.inheritsSet = VisualStudio
		$1.inheritsScope = text/plain
		$1.scope = text/x-csharp
		$0.CSharpFormattingPolicy = $2
		$2.inheritsSet = Mono
		$2.inheritsScope = text/x-csharp
		$2.scope = text/x-csharp
		$0.TextStylePolicy = $3
		$3.FileWidth = 120
		$3.TabsToSpaces = False
		$3.EolMarker = Unix
		$3.inheritsSet = VisualStudio
		$3.inheritsScope = text/plain
		$3.scope = text/plain
	EndGlobalSection

EndGlobal
