
Microsoft Visual Studio Solution File, Format Version 12.00
# Visual Studio 2013
Project("{FAE04EC0-301F-11D3-BF4B-00C04F79EFBC}") = "proj.CSharp", "proj.CSharp.csproj", "{0EFFD624-0A81-F247-DD69-E5B81EC82F5C}"
EndProject
Project("{FAE04EC0-301F-11D3-BF4B-00C04F79EFBC}") = "proj.CSharp.Editor", "proj.CSharp.Editor.csproj", "{68B914CA-2007-B242-41F3-993FC5BC42EF}"
EndProject
Global
	GlobalSection(SolutionConfigurationPlatforms) = preSolution
		Debug|Any CPU = Debug|Any CPU
		Release|Any CPU = Release|Any CPU
	EndGlobalSection
	GlobalSection(ProjectConfigurationPlatforms) = postSolution
		{0EFFD624-0A81-F247-DD69-E5B81EC82F5C}.Debug|Any CPU.ActiveCfg = Debug|Any CPU
		{0EFFD624-0A81-F247-DD69-E5B81EC82F5C}.Debug|Any CPU.Build.0 = Debug|Any CPU
		{0EFFD624-0A81-F247-DD69-E5B81EC82F5C}.Release|Any CPU.ActiveCfg = Release|Any CPU
		{0EFFD624-0A81-F247-DD69-E5B81EC82F5C}.Release|Any CPU.Build.0 = Release|Any CPU
		{68B914CA-2007-B242-41F3-993FC5BC42EF}.Debug|Any CPU.ActiveCfg = Debug|Any CPU
		{68B914CA-2007-B242-41F3-993FC5BC42EF}.Debug|Any CPU.Build.0 = Debug|Any CPU
		{68B914CA-2007-B242-41F3-993FC5BC42EF}.Release|Any CPU.ActiveCfg = Release|Any CPU
		{68B914CA-2007-B242-41F3-993FC5BC42EF}.Release|Any CPU.Build.0 = Release|Any CPU
	EndGlobalSection
	GlobalSection(SolutionProperties) = preSolution
		HideSolutionNode = FALSE
	EndGlobalSection
EndGlobal
